
Microsoft Visual Studio Solution File, Format Version 12.00
# Visual Studio Version 17
VisualStudioVersion = 17.14.36414.22 d17.14
MinimumVisualStudioVersion = 10.0.40219.1
Project("{FAE04EC0-301F-11D3-BF4B-00C04F79EFBC}") = "NameInverter", "NameInverter\NameInverter.csproj", "{FF451BAC-BB62-4DFB-B2F6-A6C53B7E8483}"
EndProject
Global
	GlobalSection(SolutionConfigurationPlatforms) = preSolution
		Debug|Any CPU = Debug|Any CPU
		Release|Any CPU = Release|Any CPU
	EndGlobalSection
	GlobalSection(ProjectConfigurationPlatforms) = postSolution
		{FF451BAC-BB62-4DFB-B2F6-A6C53B7E8483}.Debug|Any CPU.ActiveCfg = Debug|Any CPU
		{FF451BAC-BB62-4DFB-B2F6-A6C53B7E8483}.Debug|Any CPU.Build.0 = Debug|Any CPU
		{FF451BAC-BB62-4DFB-B2F6-A6C53B7E8483}.Release|Any CPU.ActiveCfg = Release|Any CPU
		{FF451BAC-BB62-4DFB-B2F6-A6C53B7E8483}.Release|Any CPU.Build.0 = Release|Any CPU
	EndGlobalSection
	GlobalSection(SolutionProperties) = preSolution
		HideSolutionNode = FALSE
	EndGlobalSection
	GlobalSection(ExtensibilityGlobals) = postSolution
		SolutionGuid = {BA3A0713-C88E-4301-929B-88FFB5DECC09}
	EndGlobalSection
EndGlobal
